// !$*UTF8*$!
{
	archiveVersion = 1;
	classes = {
	};
	objectVersion = 45;
	objects = {

/* Begin PBXAggregateTarget section */
		55508CE41178153100ADA67D /* All */ = {
			isa = PBXAggregateTarget;
			buildConfigurationList = 55508CF11178156C00ADA67D /* Build configuration list for PBXAggregateTarget "All" */;
			buildPhases = (
			);
			dependencies = (
				55508CE81178153800ADA67D /* PBXTargetDependency */,
				55508CEA1178153800ADA67D /* PBXTargetDependency */,
				551512F0118E906E0030C8FF /* PBXTargetDependency */,
				551515E2119286840030C8FF /* PBXTargetDependency */,
				551515F8119286EE0030C8FF /* PBXTargetDependency */,
			);
			name = All;
			productName = All;
		};
/* End PBXAggregateTarget section */

/* Begin PBXBuildFile section */
		1DDD58160DA1D0A300B32029 /* MainMenu.xib in Resources */ = {isa = PBXBuildFile; fileRef = 1DDD58140DA1D0A300B32029 /* MainMenu.xib */; };
		256AC3DA0F4B6AC300CF3369 /* Sin16AppDelegate.m in Sources */ = {isa = PBXBuildFile; fileRef = 256AC3D90F4B6AC300CF3369 /* Sin16AppDelegate.m */; };
		5515139A118F04660030C8FF /* error_main.c in Sources */ = {isa = PBXBuildFile; fileRef = 55151399118F04660030C8FF /* error_main.c */; };
		5515146F1191284E0030C8FF /* Sin8Test.m in Sources */ = {isa = PBXBuildFile; fileRef = 5515146E1191284E0030C8FF /* Sin8Test.m */; };
		551515C91192861A0030C8FF /* trigint_sin16.c in Sources */ = {isa = PBXBuildFile; fileRef = 55EFE89611774FED00E2F8B6 /* trigint_sin16.c */; };
		551515CA1192861A0030C8FF /* trigint_sin8.c in Sources */ = {isa = PBXBuildFile; fileRef = 55151471119128A40030C8FF /* trigint_sin8.c */; };
		551515CE119286290030C8FF /* trigint_sin16.h in Headers */ = {isa = PBXBuildFile; fileRef = 55EFE89511774FED00E2F8B6 /* trigint_sin16.h */; };
		551515CF119286290030C8FF /* trigint_sin8.h in Headers */ = {isa = PBXBuildFile; fileRef = 55151470119128A40030C8FF /* trigint_sin8.h */; };
		551515D0119286370030C8FF /* libtrigint.a in Frameworks */ = {isa = PBXBuildFile; fileRef = 551515BE119285DB0030C8FF /* libtrigint.a */; };
		551515D1119286430030C8FF /* libtrigint.a in Frameworks */ = {isa = PBXBuildFile; fileRef = 551515BE119285DB0030C8FF /* libtrigint.a */; };
		551515D2119286480030C8FF /* libtrigint.a in Frameworks */ = {isa = PBXBuildFile; fileRef = 551515BE119285DB0030C8FF /* libtrigint.a */; };
		551515D31192864F0030C8FF /* libtrigint.a in Frameworks */ = {isa = PBXBuildFile; fileRef = 551515BE119285DB0030C8FF /* libtrigint.a */; };
		551515F3119286D10030C8FF /* table_gen.c in Sources */ = {isa = PBXBuildFile; fileRef = 551515F2119286D10030C8FF /* table_gen.c */; };
		55151604119287770030C8FF /* libtrigint.a in Frameworks */ = {isa = PBXBuildFile; fileRef = 551515BE119285DB0030C8FF /* libtrigint.a */; };
		55151624119288F10030C8FF /* trigint.h in Headers */ = {isa = PBXBuildFile; fileRef = 55151623119288F10030C8FF /* trigint.h */; };
		55151628119289300030C8FF /* trigint_types.h in Headers */ = {isa = PBXBuildFile; fileRef = 55151627119289300030C8FF /* trigint_types.h */; };
		5515162C119289B10030C8FF /* trigint_conversions.h in Headers */ = {isa = PBXBuildFile; fileRef = 5515162B119289B10030C8FF /* trigint_conversions.h */; };
		5515169411928E7D0030C8FF /* trigint_conversions.c in Sources */ = {isa = PBXBuildFile; fileRef = 5515169311928E7D0030C8FF /* trigint_conversions.c */; };
		55508A131177FF2400ADA67D /* Sin16Test.m in Sources */ = {isa = PBXBuildFile; fileRef = 55508A121177FF2400ADA67D /* Sin16Test.m */; };
		55508B0B117801AC00ADA67D /* SenTestingKit.framework in Frameworks */ = {isa = PBXBuildFile; fileRef = 55508B0A117801AC00ADA67D /* SenTestingKit.framework */; };
		55508B9C11780A4E00ADA67D /* Sin16Conversions.m in Sources */ = {isa = PBXBuildFile; fileRef = 55508B9B11780A4E00ADA67D /* Sin16Conversions.m */; };
		55B894FE118717E600FEB15C /* benchmark_main.m in Sources */ = {isa = PBXBuildFile; fileRef = 55B894BE1187164800FEB15C /* benchmark_main.m */; };
		55B895AE118727EA00FEB15C /* benchmark.m in Sources */ = {isa = PBXBuildFile; fileRef = 55B895AD118727EA00FEB15C /* benchmark.m */; };
		55EFE9B9117941CB00E2F8B6 /* DDAudioComponent.m in Sources */ = {isa = PBXBuildFile; fileRef = 55EFE993117941CB00E2F8B6 /* DDAudioComponent.m */; };
		55EFE9BA117941CB00E2F8B6 /* DDAudioException.m in Sources */ = {isa = PBXBuildFile; fileRef = 55EFE995117941CB00E2F8B6 /* DDAudioException.m */; };
		55EFE9BB117941CB00E2F8B6 /* DDAudioUnit.m in Sources */ = {isa = PBXBuildFile; fileRef = 55EFE997117941CB00E2F8B6 /* DDAudioUnit.m */; };
		55EFE9BC117941CB00E2F8B6 /* DDAudioUnitGraph.m in Sources */ = {isa = PBXBuildFile; fileRef = 55EFE999117941CB00E2F8B6 /* DDAudioUnitGraph.m */; };
		55EFE9BD117941CB00E2F8B6 /* DDAudioUnitNode.m in Sources */ = {isa = PBXBuildFile; fileRef = 55EFE99B117941CB00E2F8B6 /* DDAudioUnitNode.m */; };
		55EFE9BE117941CB00E2F8B6 /* DDAudioUnitPreset.m in Sources */ = {isa = PBXBuildFile; fileRef = 55EFE99D117941CB00E2F8B6 /* DDAudioUnitPreset.m */; };
		55EFE9DF117942C800E2F8B6 /* AudioToolbox.framework in Frameworks */ = {isa = PBXBuildFile; fileRef = 55EFE9DE117942C800E2F8B6 /* AudioToolbox.framework */; };
		55EFE9E3117942D100E2F8B6 /* AudioUnit.framework in Frameworks */ = {isa = PBXBuildFile; fileRef = 55EFE9E2117942D100E2F8B6 /* AudioUnit.framework */; };
		55EFE9E7117942E100E2F8B6 /* CoreAudioKit.framework in Frameworks */ = {isa = PBXBuildFile; fileRef = 55EFE9E6117942E100E2F8B6 /* CoreAudioKit.framework */; };
		8D11072B0486CEB800E47090 /* InfoPlist.strings in Resources */ = {isa = PBXBuildFile; fileRef = 089C165CFE840E0CC02AAC07 /* InfoPlist.strings */; };
		8D11072D0486CEB800E47090 /* main.m in Sources */ = {isa = PBXBuildFile; fileRef = 29B97316FDCFA39411CA2CEA /* main.m */; settings = {ATTRIBUTES = (); }; };
		8D11072F0486CEB800E47090 /* Cocoa.framework in Frameworks */ = {isa = PBXBuildFile; fileRef = 1058C7A1FEA54F0111CA2CBB /* Cocoa.framework */; };
/* End PBXBuildFile section */

/* Begin PBXContainerItemProxy section */
		551512EF118E906E0030C8FF /* PBXContainerItemProxy */ = {
			isa = PBXContainerItemProxy;
			containerPortal = 29B97313FDCFA39411CA2CEA /* Project object */;
			proxyType = 1;
			remoteGlobalIDString = 55B894F8118717DA00FEB15C /* benchmark */;
			remoteInfo = benchmark;
		};
		5515137A118F04050030C8FF /* PBXContainerItemProxy */ = {
			isa = PBXContainerItemProxy;
			containerPortal = 55151306118F04040030C8FF /* Benchmark.xcodeproj */;
			proxyType = 2;
			remoteGlobalIDString = 1D6058910D05DD3D006BFB54 /* Benchmark.app */;
			remoteInfo = Benchmark;
		};
		551515C1119285ED0030C8FF /* PBXContainerItemProxy */ = {
			isa = PBXContainerItemProxy;
			containerPortal = 29B97313FDCFA39411CA2CEA /* Project object */;
			proxyType = 1;
			remoteGlobalIDString = 551515BD119285DB0030C8FF /* trigint */;
			remoteInfo = trigint;
		};
		551515C3119285F80030C8FF /* PBXContainerItemProxy */ = {
			isa = PBXContainerItemProxy;
			containerPortal = 29B97313FDCFA39411CA2CEA /* Project object */;
			proxyType = 1;
			remoteGlobalIDString = 551515BD119285DB0030C8FF /* trigint */;
			remoteInfo = trigint;
		};
		551515C5119286090030C8FF /* PBXContainerItemProxy */ = {
			isa = PBXContainerItemProxy;
			containerPortal = 29B97313FDCFA39411CA2CEA /* Project object */;
			proxyType = 1;
			remoteGlobalIDString = 551515BD119285DB0030C8FF /* trigint */;
			remoteInfo = trigint;
		};
		551515C7119286120030C8FF /* PBXContainerItemProxy */ = {
			isa = PBXContainerItemProxy;
			containerPortal = 29B97313FDCFA39411CA2CEA /* Project object */;
			proxyType = 1;
			remoteGlobalIDString = 551515BD119285DB0030C8FF /* trigint */;
			remoteInfo = trigint;
		};
		551515E1119286840030C8FF /* PBXContainerItemProxy */ = {
			isa = PBXContainerItemProxy;
			containerPortal = 29B97313FDCFA39411CA2CEA /* Project object */;
			proxyType = 1;
			remoteGlobalIDString = 55151393118F04520030C8FF /* error */;
			remoteInfo = error;
		};
		551515F0119286BC0030C8FF /* PBXContainerItemProxy */ = {
			isa = PBXContainerItemProxy;
			containerPortal = 29B97313FDCFA39411CA2CEA /* Project object */;
			proxyType = 1;
			remoteGlobalIDString = 551515BD119285DB0030C8FF /* trigint */;
			remoteInfo = trigint;
		};
		551515F7119286EE0030C8FF /* PBXContainerItemProxy */ = {
			isa = PBXContainerItemProxy;
			containerPortal = 29B97313FDCFA39411CA2CEA /* Project object */;
			proxyType = 1;
			remoteGlobalIDString = 551515EB119286B80030C8FF /* table_gen */;
			remoteInfo = table_gen;
		};
		55508CE71178153800ADA67D /* PBXContainerItemProxy */ = {
			isa = PBXContainerItemProxy;
			containerPortal = 29B97313FDCFA39411CA2CEA /* Project object */;
			proxyType = 1;
			remoteGlobalIDString = 8D1107260486CEB800E47090;
			remoteInfo = sin16;
		};
		55508CE91178153800ADA67D /* PBXContainerItemProxy */ = {
			isa = PBXContainerItemProxy;
			containerPortal = 29B97313FDCFA39411CA2CEA /* Project object */;
			proxyType = 1;
			remoteGlobalIDString = 55508A081177FED900ADA67D;
			remoteInfo = UnitTests;
		};
/* End PBXContainerItemProxy section */

/* Begin PBXFileReference section */
		089C165DFE840E0CC02AAC07 /* English */ = {isa = PBXFileReference; fileEncoding = 4; lastKnownFileType = text.plist.strings; name = English; path = English.lproj/InfoPlist.strings; sourceTree = "<group>"; };
		1058C7A1FEA54F0111CA2CBB /* Cocoa.framework */ = {isa = PBXFileReference; lastKnownFileType = wrapper.framework; name = Cocoa.framework; path = /System/Library/Frameworks/Cocoa.framework; sourceTree = "<absolute>"; };
		13E42FB307B3F0F600E4EEF1 /* CoreData.framework */ = {isa = PBXFileReference; lastKnownFileType = wrapper.framework; name = CoreData.framework; path = /System/Library/Frameworks/CoreData.framework; sourceTree = "<absolute>"; };
		1DDD58150DA1D0A300B32029 /* English */ = {isa = PBXFileReference; lastKnownFileType = file.xib; name = English; path = English.lproj/MainMenu.xib; sourceTree = "<group>"; };
		256AC3D80F4B6AC300CF3369 /* Sin16AppDelegate.h */ = {isa = PBXFileReference; fileEncoding = 4; lastKnownFileType = sourcecode.c.h; path = Sin16AppDelegate.h; sourceTree = "<group>"; };
		256AC3D90F4B6AC300CF3369 /* Sin16AppDelegate.m */ = {isa = PBXFileReference; fileEncoding = 4; lastKnownFileType = sourcecode.c.objc; path = Sin16AppDelegate.m; sourceTree = "<group>"; };
		256AC3F00F4B6AF500CF3369 /* Sin16_Prefix.pch */ = {isa = PBXFileReference; fileEncoding = 4; lastKnownFileType = sourcecode.c.h; name = Sin16_Prefix.pch; path = ../Sin16_Prefix.pch; sourceTree = "<group>"; };
		29B97316FDCFA39411CA2CEA /* main.m */ = {isa = PBXFileReference; fileEncoding = 4; lastKnownFileType = sourcecode.c.objc; path = main.m; sourceTree = "<group>"; };
		29B97324FDCFA39411CA2CEA /* AppKit.framework */ = {isa = PBXFileReference; lastKnownFileType = wrapper.framework; name = AppKit.framework; path = /System/Library/Frameworks/AppKit.framework; sourceTree = "<absolute>"; };
		29B97325FDCFA39411CA2CEA /* Foundation.framework */ = {isa = PBXFileReference; lastKnownFileType = wrapper.framework; name = Foundation.framework; path = /System/Library/Frameworks/Foundation.framework; sourceTree = "<absolute>"; };
		55151306118F04040030C8FF /* Benchmark.xcodeproj */ = {isa = PBXFileReference; lastKnownFileType = "wrapper.pb-project"; path = Benchmark.xcodeproj; sourceTree = "<group>"; };
		55151394118F04520030C8FF /* error */ = {isa = PBXFileReference; explicitFileType = "compiled.mach-o.executable"; includeInIndex = 0; path = error; sourceTree = BUILT_PRODUCTS_DIR; };
		55151399118F04660030C8FF /* error_main.c */ = {isa = PBXFileReference; fileEncoding = 4; lastKnownFileType = sourcecode.c.c; path = error_main.c; sourceTree = "<group>"; };
		5515146D1191284E0030C8FF /* Sin8Test.h */ = {isa = PBXFileReference; fileEncoding = 4; lastKnownFileType = sourcecode.c.h; path = Sin8Test.h; sourceTree = "<group>"; };
		5515146E1191284E0030C8FF /* Sin8Test.m */ = {isa = PBXFileReference; fileEncoding = 4; lastKnownFileType = sourcecode.c.objc; path = Sin8Test.m; sourceTree = "<group>"; };
		55151470119128A40030C8FF /* trigint_sin8.h */ = {isa = PBXFileReference; fileEncoding = 4; lastKnownFileType = sourcecode.c.h; path = trigint_sin8.h; sourceTree = "<group>"; };
		55151471119128A40030C8FF /* trigint_sin8.c */ = {isa = PBXFileReference; fileEncoding = 4; lastKnownFileType = sourcecode.c.c; path = trigint_sin8.c; sourceTree = "<group>"; };
		551515BE119285DB0030C8FF /* libtrigint.a */ = {isa = PBXFileReference; explicitFileType = archive.ar; includeInIndex = 0; path = libtrigint.a; sourceTree = BUILT_PRODUCTS_DIR; };
		551515EC119286B80030C8FF /* table_gen */ = {isa = PBXFileReference; explicitFileType = "compiled.mach-o.executable"; includeInIndex = 0; path = table_gen; sourceTree = BUILT_PRODUCTS_DIR; };
		551515F2119286D10030C8FF /* table_gen.c */ = {isa = PBXFileReference; fileEncoding = 4; lastKnownFileType = sourcecode.c.c; path = table_gen.c; sourceTree = "<group>"; };
		55151623119288F10030C8FF /* trigint.h */ = {isa = PBXFileReference; fileEncoding = 4; lastKnownFileType = sourcecode.c.h; path = trigint.h; sourceTree = "<group>"; };
		55151627119289300030C8FF /* trigint_types.h */ = {isa = PBXFileReference; fileEncoding = 4; lastKnownFileType = sourcecode.c.h; path = trigint_types.h; sourceTree = "<group>"; };
		5515162B119289B10030C8FF /* trigint_conversions.h */ = {isa = PBXFileReference; fileEncoding = 4; lastKnownFileType = sourcecode.c.h; path = trigint_conversions.h; sourceTree = "<group>"; };
		5515169311928E7D0030C8FF /* trigint_conversions.c */ = {isa = PBXFileReference; fileEncoding = 4; lastKnownFileType = sourcecode.c.c; path = trigint_conversions.c; sourceTree = "<group>"; };
		55508A091177FED900ADA67D /* UnitTests.octest */ = {isa = PBXFileReference; explicitFileType = wrapper.cfbundle; includeInIndex = 0; path = UnitTests.octest; sourceTree = BUILT_PRODUCTS_DIR; };
		55508A101177FEF900ADA67D /* Info.plist */ = {isa = PBXFileReference; fileEncoding = 4; lastKnownFileType = text.plist.xml; path = Info.plist; sourceTree = "<group>"; };
		55508A111177FF2400ADA67D /* Sin16Test.h */ = {isa = PBXFileReference; fileEncoding = 4; lastKnownFileType = sourcecode.c.h; path = Sin16Test.h; sourceTree = "<group>"; };
		55508A121177FF2400ADA67D /* Sin16Test.m */ = {isa = PBXFileReference; fileEncoding = 4; lastKnownFileType = sourcecode.c.objc; path = Sin16Test.m; sourceTree = "<group>"; };
		55508B0A117801AC00ADA67D /* SenTestingKit.framework */ = {isa = PBXFileReference; lastKnownFileType = wrapper.framework; name = SenTestingKit.framework; path = Library/Frameworks/SenTestingKit.framework; sourceTree = DEVELOPER_DIR; };
		55508B9A11780A4E00ADA67D /* Sin16Conversions.h */ = {isa = PBXFileReference; fileEncoding = 4; lastKnownFileType = sourcecode.c.h; path = Sin16Conversions.h; sourceTree = "<group>"; };
		55508B9B11780A4E00ADA67D /* Sin16Conversions.m */ = {isa = PBXFileReference; fileEncoding = 4; lastKnownFileType = sourcecode.c.objc; path = Sin16Conversions.m; sourceTree = "<group>"; };
		55B894BE1187164800FEB15C /* benchmark_main.m */ = {isa = PBXFileReference; fileEncoding = 4; lastKnownFileType = sourcecode.c.objc; path = benchmark_main.m; sourceTree = "<group>"; };
		55B894F9118717DA00FEB15C /* benchmark */ = {isa = PBXFileReference; explicitFileType = "compiled.mach-o.executable"; includeInIndex = 0; path = benchmark; sourceTree = BUILT_PRODUCTS_DIR; };
		55B895AC118727EA00FEB15C /* benchmark.h */ = {isa = PBXFileReference; fileEncoding = 4; lastKnownFileType = sourcecode.c.h; path = benchmark.h; sourceTree = "<group>"; };
		55B895AD118727EA00FEB15C /* benchmark.m */ = {isa = PBXFileReference; fileEncoding = 4; lastKnownFileType = sourcecode.c.objc; path = benchmark.m; sourceTree = "<group>"; };
		55EFE89511774FED00E2F8B6 /* trigint_sin16.h */ = {isa = PBXFileReference; fileEncoding = 4; lastKnownFileType = sourcecode.c.h; path = trigint_sin16.h; sourceTree = "<group>"; };
		55EFE89611774FED00E2F8B6 /* trigint_sin16.c */ = {isa = PBXFileReference; fileEncoding = 4; lastKnownFileType = sourcecode.c.c; path = trigint_sin16.c; sourceTree = "<group>"; };
		55EFE992117941CB00E2F8B6 /* DDAudioComponent.h */ = {isa = PBXFileReference; fileEncoding = 4; lastKnownFileType = sourcecode.c.h; path = DDAudioComponent.h; sourceTree = "<group>"; };
		55EFE993117941CB00E2F8B6 /* DDAudioComponent.m */ = {isa = PBXFileReference; fileEncoding = 4; lastKnownFileType = sourcecode.c.objc; path = DDAudioComponent.m; sourceTree = "<group>"; };
		55EFE994117941CB00E2F8B6 /* DDAudioException.h */ = {isa = PBXFileReference; fileEncoding = 4; lastKnownFileType = sourcecode.c.h; path = DDAudioException.h; sourceTree = "<group>"; };
		55EFE995117941CB00E2F8B6 /* DDAudioException.m */ = {isa = PBXFileReference; fileEncoding = 4; lastKnownFileType = sourcecode.c.objc; path = DDAudioException.m; sourceTree = "<group>"; };
		55EFE996117941CB00E2F8B6 /* DDAudioUnit.h */ = {isa = PBXFileReference; fileEncoding = 4; lastKnownFileType = sourcecode.c.h; path = DDAudioUnit.h; sourceTree = "<group>"; };
		55EFE997117941CB00E2F8B6 /* DDAudioUnit.m */ = {isa = PBXFileReference; fileEncoding = 4; lastKnownFileType = sourcecode.c.objc; path = DDAudioUnit.m; sourceTree = "<group>"; };
		55EFE998117941CB00E2F8B6 /* DDAudioUnitGraph.h */ = {isa = PBXFileReference; fileEncoding = 4; lastKnownFileType = sourcecode.c.h; path = DDAudioUnitGraph.h; sourceTree = "<group>"; };
		55EFE999117941CB00E2F8B6 /* DDAudioUnitGraph.m */ = {isa = PBXFileReference; fileEncoding = 4; lastKnownFileType = sourcecode.c.objc; path = DDAudioUnitGraph.m; sourceTree = "<group>"; };
		55EFE99A117941CB00E2F8B6 /* DDAudioUnitNode.h */ = {isa = PBXFileReference; fileEncoding = 4; lastKnownFileType = sourcecode.c.h; path = DDAudioUnitNode.h; sourceTree = "<group>"; };
		55EFE99B117941CB00E2F8B6 /* DDAudioUnitNode.m */ = {isa = PBXFileReference; fileEncoding = 4; lastKnownFileType = sourcecode.c.objc; path = DDAudioUnitNode.m; sourceTree = "<group>"; };
		55EFE99C117941CB00E2F8B6 /* DDAudioUnitPreset.h */ = {isa = PBXFileReference; fileEncoding = 4; lastKnownFileType = sourcecode.c.h; path = DDAudioUnitPreset.h; sourceTree = "<group>"; };
		55EFE99D117941CB00E2F8B6 /* DDAudioUnitPreset.m */ = {isa = PBXFileReference; fileEncoding = 4; lastKnownFileType = sourcecode.c.objc; path = DDAudioUnitPreset.m; sourceTree = "<group>"; };
		55EFE99E117941CB00E2F8B6 /* DDCoreAudio.h */ = {isa = PBXFileReference; fileEncoding = 4; lastKnownFileType = sourcecode.c.h; path = DDCoreAudio.h; sourceTree = "<group>"; };
		55EFE9DE117942C800E2F8B6 /* AudioToolbox.framework */ = {isa = PBXFileReference; lastKnownFileType = wrapper.framework; name = AudioToolbox.framework; path = System/Library/Frameworks/AudioToolbox.framework; sourceTree = SDKROOT; };
		55EFE9E2117942D100E2F8B6 /* AudioUnit.framework */ = {isa = PBXFileReference; lastKnownFileType = wrapper.framework; name = AudioUnit.framework; path = System/Library/Frameworks/AudioUnit.framework; sourceTree = SDKROOT; };
		55EFE9E6117942E100E2F8B6 /* CoreAudioKit.framework */ = {isa = PBXFileReference; lastKnownFileType = wrapper.framework; name = CoreAudioKit.framework; path = System/Library/Frameworks/CoreAudioKit.framework; sourceTree = SDKROOT; };
		8D1107310486CEB800E47090 /* Info.plist */ = {isa = PBXFileReference; fileEncoding = 4; lastKnownFileType = text.plist.xml; path = Info.plist; sourceTree = "<group>"; };
		8D1107320486CEB800E47090 /* Sin16.app */ = {isa = PBXFileReference; explicitFileType = wrapper.application; includeInIndex = 0; path = Sin16.app; sourceTree = BUILT_PRODUCTS_DIR; };
/* End PBXFileReference section */

/* Begin PBXFrameworksBuildPhase section */
		55151392118F04520030C8FF /* Frameworks */ = {
			isa = PBXFrameworksBuildPhase;
			buildActionMask = 2147483647;
			files = (
				551515D31192864F0030C8FF /* libtrigint.a in Frameworks */,
			);
			runOnlyForDeploymentPostprocessing = 0;
		};
		551515BC119285DB0030C8FF /* Frameworks */ = {
			isa = PBXFrameworksBuildPhase;
			buildActionMask = 2147483647;
			files = (
			);
			runOnlyForDeploymentPostprocessing = 0;
		};
		551515EA119286B80030C8FF /* Frameworks */ = {
			isa = PBXFrameworksBuildPhase;
			buildActionMask = 2147483647;
			files = (
				55151604119287770030C8FF /* libtrigint.a in Frameworks */,
			);
			runOnlyForDeploymentPostprocessing = 0;
		};
		55508A061177FED900ADA67D /* Frameworks */ = {
			isa = PBXFrameworksBuildPhase;
			buildActionMask = 2147483647;
			files = (
				551515D1119286430030C8FF /* libtrigint.a in Frameworks */,
				55508B0B117801AC00ADA67D /* SenTestingKit.framework in Frameworks */,
			);
			runOnlyForDeploymentPostprocessing = 0;
		};
		55B894F7118717DA00FEB15C /* Frameworks */ = {
			isa = PBXFrameworksBuildPhase;
			buildActionMask = 2147483647;
			files = (
				551515D2119286480030C8FF /* libtrigint.a in Frameworks */,
			);
			runOnlyForDeploymentPostprocessing = 0;
		};
		8D11072E0486CEB800E47090 /* Frameworks */ = {
			isa = PBXFrameworksBuildPhase;
			buildActionMask = 2147483647;
			files = (
				551515D0119286370030C8FF /* libtrigint.a in Frameworks */,
				8D11072F0486CEB800E47090 /* Cocoa.framework in Frameworks */,
				55EFE9DF117942C800E2F8B6 /* AudioToolbox.framework in Frameworks */,
				55EFE9E3117942D100E2F8B6 /* AudioUnit.framework in Frameworks */,
				55EFE9E7117942E100E2F8B6 /* CoreAudioKit.framework in Frameworks */,
			);
			runOnlyForDeploymentPostprocessing = 0;
		};
/* End PBXFrameworksBuildPhase section */

/* Begin PBXGroup section */
		080E96DDFE201D6D7F000001 /* Classes */ = {
			isa = PBXGroup;
			children = (
				256AC3D80F4B6AC300CF3369 /* Sin16AppDelegate.h */,
				256AC3D90F4B6AC300CF3369 /* Sin16AppDelegate.m */,
			);
			name = Classes;
			sourceTree = "<group>";
		};
		1058C7A0FEA54F0111CA2CBB /* Linked Frameworks */ = {
			isa = PBXGroup;
			children = (
				1058C7A1FEA54F0111CA2CBB /* Cocoa.framework */,
				55EFE9DE117942C800E2F8B6 /* AudioToolbox.framework */,
				55EFE9E2117942D100E2F8B6 /* AudioUnit.framework */,
				55EFE9E6117942E100E2F8B6 /* CoreAudioKit.framework */,
			);
			name = "Linked Frameworks";
			sourceTree = "<group>";
		};
		1058C7A2FEA54F0111CA2CBB /* Other Frameworks */ = {
			isa = PBXGroup;
			children = (
				29B97324FDCFA39411CA2CEA /* AppKit.framework */,
				13E42FB307B3F0F600E4EEF1 /* CoreData.framework */,
				29B97325FDCFA39411CA2CEA /* Foundation.framework */,
				55508B0A117801AC00ADA67D /* SenTestingKit.framework */,
			);
			name = "Other Frameworks";
			sourceTree = "<group>";
		};
		19C28FACFE9D520D11CA2CBB /* Products */ = {
			isa = PBXGroup;
			children = (
				8D1107320486CEB800E47090 /* Sin16.app */,
				55508A091177FED900ADA67D /* UnitTests.octest */,
				55B894F9118717DA00FEB15C /* benchmark */,
				55151394118F04520030C8FF /* error */,
				551515BE119285DB0030C8FF /* libtrigint.a */,
				551515EC119286B80030C8FF /* table_gen */,
			);
			name = Products;
			sourceTree = "<group>";
		};
		29B97314FDCFA39411CA2CEA /* sin16 */ = {
			isa = PBXGroup;
			children = (
				55EFE89411774FDC00E2F8B6 /* Source */,
				55EFE86411774E6400E2F8B6 /* Demo */,
				55508A0F1177FEF900ADA67D /* Tests */,
				55B894BC1187162500FEB15C /* Benchmark */,
				551515F2119286D10030C8FF /* table_gen.c */,
				55EFE971117941CB00E2F8B6 /* ThirdParty */,
				29B97323FDCFA39411CA2CEA /* Frameworks */,
				19C28FACFE9D520D11CA2CBB /* Products */,
			);
			name = sin16;
			sourceTree = "<group>";
		};
		29B97315FDCFA39411CA2CEA /* Other Sources */ = {
			isa = PBXGroup;
			children = (
				256AC3F00F4B6AF500CF3369 /* Sin16_Prefix.pch */,
				29B97316FDCFA39411CA2CEA /* main.m */,
			);
			name = "Other Sources";
			sourceTree = "<group>";
		};
		29B97317FDCFA39411CA2CEA /* Resources */ = {
			isa = PBXGroup;
			children = (
				8D1107310486CEB800E47090 /* Info.plist */,
				089C165CFE840E0CC02AAC07 /* InfoPlist.strings */,
				1DDD58140DA1D0A300B32029 /* MainMenu.xib */,
			);
			name = Resources;
			sourceTree = "<group>";
		};
		29B97323FDCFA39411CA2CEA /* Frameworks */ = {
			isa = PBXGroup;
			children = (
				1058C7A0FEA54F0111CA2CBB /* Linked Frameworks */,
				1058C7A2FEA54F0111CA2CBB /* Other Frameworks */,
			);
			name = Frameworks;
			sourceTree = "<group>";
		};
		55151304118F04040030C8FF /* iPhone */ = {
			isa = PBXGroup;
			children = (
				55151306118F04040030C8FF /* Benchmark.xcodeproj */,
			);
			path = iPhone;
			sourceTree = "<group>";
		};
		55151307118F04040030C8FF /* Products */ = {
			isa = PBXGroup;
			children = (
				5515137B118F04050030C8FF /* Benchmark.app */,
			);
			name = Products;
			sourceTree = "<group>";
		};
		55508A0F1177FEF900ADA67D /* Tests */ = {
			isa = PBXGroup;
			children = (
				55508A101177FEF900ADA67D /* Info.plist */,
				55508A111177FF2400ADA67D /* Sin16Test.h */,
				55508A121177FF2400ADA67D /* Sin16Test.m */,
				55508B9A11780A4E00ADA67D /* Sin16Conversions.h */,
				55508B9B11780A4E00ADA67D /* Sin16Conversions.m */,
				5515146D1191284E0030C8FF /* Sin8Test.h */,
				5515146E1191284E0030C8FF /* Sin8Test.m */,
			);
			path = Tests;
			sourceTree = "<group>";
		};
		55B894BC1187162500FEB15C /* Benchmark */ = {
			isa = PBXGroup;
			children = (
				55B895AC118727EA00FEB15C /* benchmark.h */,
				55B895AD118727EA00FEB15C /* benchmark.m */,
				55B894BE1187164800FEB15C /* benchmark_main.m */,
				55151399118F04660030C8FF /* error_main.c */,
				55151304118F04040030C8FF /* iPhone */,
			);
			path = Benchmark;
			sourceTree = "<group>";
		};
		55EFE86411774E6400E2F8B6 /* Demo */ = {
			isa = PBXGroup;
			children = (
				080E96DDFE201D6D7F000001 /* Classes */,
				29B97315FDCFA39411CA2CEA /* Other Sources */,
				29B97317FDCFA39411CA2CEA /* Resources */,
			);
			path = Demo;
			sourceTree = "<group>";
		};
		55EFE89411774FDC00E2F8B6 /* Source */ = {
			isa = PBXGroup;
			children = (
				55EFE89511774FED00E2F8B6 /* trigint_sin16.h */,
				55EFE89611774FED00E2F8B6 /* trigint_sin16.c */,
				55151470119128A40030C8FF /* trigint_sin8.h */,
				55151471119128A40030C8FF /* trigint_sin8.c */,
				55151623119288F10030C8FF /* trigint.h */,
				55151627119289300030C8FF /* trigint_types.h */,
				5515162B119289B10030C8FF /* trigint_conversions.h */,
				5515169311928E7D0030C8FF /* trigint_conversions.c */,
			);
			path = Source;
			sourceTree = "<group>";
		};
		55EFE971117941CB00E2F8B6 /* ThirdParty */ = {
			isa = PBXGroup;
			children = (
				55EFE972117941CB00E2F8B6 /* DDCoreAudio */,
			);
			path = ThirdParty;
			sourceTree = "<group>";
		};
		55EFE972117941CB00E2F8B6 /* DDCoreAudio */ = {
			isa = PBXGroup;
			children = (
				55EFE991117941CB00E2F8B6 /* lib */,
			);
			path = DDCoreAudio;
			sourceTree = "<group>";
		};
		55EFE991117941CB00E2F8B6 /* lib */ = {
			isa = PBXGroup;
			children = (
				55EFE992117941CB00E2F8B6 /* DDAudioComponent.h */,
				55EFE993117941CB00E2F8B6 /* DDAudioComponent.m */,
				55EFE994117941CB00E2F8B6 /* DDAudioException.h */,
				55EFE995117941CB00E2F8B6 /* DDAudioException.m */,
				55EFE996117941CB00E2F8B6 /* DDAudioUnit.h */,
				55EFE997117941CB00E2F8B6 /* DDAudioUnit.m */,
				55EFE998117941CB00E2F8B6 /* DDAudioUnitGraph.h */,
				55EFE999117941CB00E2F8B6 /* DDAudioUnitGraph.m */,
				55EFE99A117941CB00E2F8B6 /* DDAudioUnitNode.h */,
				55EFE99B117941CB00E2F8B6 /* DDAudioUnitNode.m */,
				55EFE99C117941CB00E2F8B6 /* DDAudioUnitPreset.h */,
				55EFE99D117941CB00E2F8B6 /* DDAudioUnitPreset.m */,
				55EFE99E117941CB00E2F8B6 /* DDCoreAudio.h */,
			);
			path = lib;
			sourceTree = "<group>";
		};
/* End PBXGroup section */

/* Begin PBXHeadersBuildPhase section */
		551515BA119285DB0030C8FF /* Headers */ = {
			isa = PBXHeadersBuildPhase;
			buildActionMask = 2147483647;
			files = (
				551515CE119286290030C8FF /* trigint_sin16.h in Headers */,
				551515CF119286290030C8FF /* trigint_sin8.h in Headers */,
				55151624119288F10030C8FF /* trigint.h in Headers */,
				55151628119289300030C8FF /* trigint_types.h in Headers */,
				5515162C119289B10030C8FF /* trigint_conversions.h in Headers */,
			);
			runOnlyForDeploymentPostprocessing = 0;
		};
/* End PBXHeadersBuildPhase section */

/* Begin PBXNativeTarget section */
		55151393118F04520030C8FF /* error */ = {
			isa = PBXNativeTarget;
			buildConfigurationList = 5515139B118F04660030C8FF /* Build configuration list for PBXNativeTarget "error" */;
			buildPhases = (
				55151391118F04520030C8FF /* Sources */,
				55151392118F04520030C8FF /* Frameworks */,
			);
			buildRules = (
			);
			dependencies = (
				551515C8119286120030C8FF /* PBXTargetDependency */,
			);
			name = error;
			productName = error;
			productReference = 55151394118F04520030C8FF /* error */;
			productType = "com.apple.product-type.tool";
		};
		551515BD119285DB0030C8FF /* trigint */ = {
			isa = PBXNativeTarget;
			buildConfigurationList = 551515DA119286750030C8FF /* Build configuration list for PBXNativeTarget "trigint" */;
			buildPhases = (
				551515BA119285DB0030C8FF /* Headers */,
				551515BB119285DB0030C8FF /* Sources */,
				551515BC119285DB0030C8FF /* Frameworks */,
			);
			buildRules = (
			);
			dependencies = (
			);
			name = trigint;
			productName = trigint;
			productReference = 551515BE119285DB0030C8FF /* libtrigint.a */;
			productType = "com.apple.product-type.library.static";
		};
		551515EB119286B80030C8FF /* table_gen */ = {
			isa = PBXNativeTarget;
			buildConfigurationList = 551515F4119286D20030C8FF /* Build configuration list for PBXNativeTarget "table_gen" */;
			buildPhases = (
				551515E9119286B80030C8FF /* Sources */,
				551515EA119286B80030C8FF /* Frameworks */,
			);
			buildRules = (
			);
			dependencies = (
				551515F1119286BC0030C8FF /* PBXTargetDependency */,
			);
			name = table_gen;
			productName = table_gen;
			productReference = 551515EC119286B80030C8FF /* table_gen */;
			productType = "com.apple.product-type.tool";
		};
		55508A081177FED900ADA67D /* UnitTests */ = {
			isa = PBXNativeTarget;
			buildConfigurationList = 55508A0E1177FEDA00ADA67D /* Build configuration list for PBXNativeTarget "UnitTests" */;
			buildPhases = (
				55508A041177FED900ADA67D /* Resources */,
				55508A051177FED900ADA67D /* Sources */,
				55508A061177FED900ADA67D /* Frameworks */,
				55508A071177FED900ADA67D /* ShellScript */,
			);
			buildRules = (
			);
			dependencies = (
				551515C4119285F80030C8FF /* PBXTargetDependency */,
			);
			name = UnitTests;
			productName = UnitTests;
			productReference = 55508A091177FED900ADA67D /* UnitTests.octest */;
			productType = "com.apple.product-type.bundle";
		};
		55B894F8118717DA00FEB15C /* benchmark */ = {
			isa = PBXNativeTarget;
			buildConfigurationList = 55B895011187180400FEB15C /* Build configuration list for PBXNativeTarget "benchmark" */;
			buildPhases = (
				55B894F6118717DA00FEB15C /* Sources */,
				55B894F7118717DA00FEB15C /* Frameworks */,
			);
			buildRules = (
			);
			dependencies = (
				551515C6119286090030C8FF /* PBXTargetDependency */,
			);
			name = benchmark;
			productName = benchmark;
			productReference = 55B894F9118717DA00FEB15C /* benchmark */;
			productType = "com.apple.product-type.tool";
		};
		8D1107260486CEB800E47090 /* sin16 */ = {
			isa = PBXNativeTarget;
			buildConfigurationList = C01FCF4A08A954540054247B /* Build configuration list for PBXNativeTarget "sin16" */;
			buildPhases = (
				8D1107290486CEB800E47090 /* Resources */,
				8D11072C0486CEB800E47090 /* Sources */,
				8D11072E0486CEB800E47090 /* Frameworks */,
			);
			buildRules = (
			);
			dependencies = (
				551515C2119285ED0030C8FF /* PBXTargetDependency */,
			);
			name = sin16;
			productInstallPath = "$(HOME)/Applications";
			productName = sin16;
			productReference = 8D1107320486CEB800E47090 /* Sin16.app */;
			productType = "com.apple.product-type.application";
		};
/* End PBXNativeTarget section */

/* Begin PBXProject section */
		29B97313FDCFA39411CA2CEA /* Project object */ = {
			isa = PBXProject;
			buildConfigurationList = C01FCF4E08A954540054247B /* Build configuration list for PBXProject "sin16" */;
			compatibilityVersion = "Xcode 3.1";
			hasScannedForEncodings = 1;
			mainGroup = 29B97314FDCFA39411CA2CEA /* sin16 */;
			projectDirPath = "";
			projectReferences = (
				{
					ProductGroup = 55151307118F04040030C8FF /* Products */;
					ProjectRef = 55151306118F04040030C8FF /* Benchmark.xcodeproj */;
				},
			);
			projectRoot = "";
			targets = (
				55508CE41178153100ADA67D /* All */,
				551515BD119285DB0030C8FF /* trigint */,
				8D1107260486CEB800E47090 /* sin16 */,
				55508A081177FED900ADA67D /* UnitTests */,
				55B894F8118717DA00FEB15C /* benchmark */,
				55151393118F04520030C8FF /* error */,
				551515EB119286B80030C8FF /* table_gen */,
			);
		};
/* End PBXProject section */

/* Begin PBXReferenceProxy section */
		5515137B118F04050030C8FF /* Benchmark.app */ = {
			isa = PBXReferenceProxy;
			fileType = wrapper.application;
			path = Benchmark.app;
			remoteRef = 5515137A118F04050030C8FF /* PBXContainerItemProxy */;
			sourceTree = BUILT_PRODUCTS_DIR;
		};
/* End PBXReferenceProxy section */

/* Begin PBXResourcesBuildPhase section */
		55508A041177FED900ADA67D /* Resources */ = {
			isa = PBXResourcesBuildPhase;
			buildActionMask = 2147483647;
			files = (
			);
			runOnlyForDeploymentPostprocessing = 0;
		};
		8D1107290486CEB800E47090 /* Resources */ = {
			isa = PBXResourcesBuildPhase;
			buildActionMask = 2147483647;
			files = (
				8D11072B0486CEB800E47090 /* InfoPlist.strings in Resources */,
				1DDD58160DA1D0A300B32029 /* MainMenu.xib in Resources */,
			);
			runOnlyForDeploymentPostprocessing = 0;
		};
/* End PBXResourcesBuildPhase section */

/* Begin PBXShellScriptBuildPhase section */
		55508A071177FED900ADA67D /* ShellScript */ = {
			isa = PBXShellScriptBuildPhase;
			buildActionMask = 2147483647;
			files = (
			);
			inputPaths = (
			);
			outputPaths = (
			);
			runOnlyForDeploymentPostprocessing = 0;
			shellPath = /bin/sh;
			shellScript = "# Run the unit tests in this test bundle.\n\"${SYSTEM_DEVELOPER_DIR}/Tools/RunUnitTests\"\n";
		};
/* End PBXShellScriptBuildPhase section */

/* Begin PBXSourcesBuildPhase section */
		55151391118F04520030C8FF /* Sources */ = {
			isa = PBXSourcesBuildPhase;
			buildActionMask = 2147483647;
			files = (
				5515139A118F04660030C8FF /* error_main.c in Sources */,
			);
			runOnlyForDeploymentPostprocessing = 0;
		};
		551515BB119285DB0030C8FF /* Sources */ = {
			isa = PBXSourcesBuildPhase;
			buildActionMask = 2147483647;
			files = (
				551515C91192861A0030C8FF /* trigint_sin16.c in Sources */,
				551515CA1192861A0030C8FF /* trigint_sin8.c in Sources */,
				5515169411928E7D0030C8FF /* trigint_conversions.c in Sources */,
			);
			runOnlyForDeploymentPostprocessing = 0;
		};
		551515E9119286B80030C8FF /* Sources */ = {
			isa = PBXSourcesBuildPhase;
			buildActionMask = 2147483647;
			files = (
				551515F3119286D10030C8FF /* table_gen.c in Sources */,
			);
			runOnlyForDeploymentPostprocessing = 0;
		};
		55508A051177FED900ADA67D /* Sources */ = {
			isa = PBXSourcesBuildPhase;
			buildActionMask = 2147483647;
			files = (
				55508A131177FF2400ADA67D /* Sin16Test.m in Sources */,
				55508B9C11780A4E00ADA67D /* Sin16Conversions.m in Sources */,
				5515146F1191284E0030C8FF /* Sin8Test.m in Sources */,
			);
			runOnlyForDeploymentPostprocessing = 0;
		};
		55B894F6118717DA00FEB15C /* Sources */ = {
			isa = PBXSourcesBuildPhase;
			buildActionMask = 2147483647;
			files = (
				55B894FE118717E600FEB15C /* benchmark_main.m in Sources */,
				55B895AE118727EA00FEB15C /* benchmark.m in Sources */,
			);
			runOnlyForDeploymentPostprocessing = 0;
		};
		8D11072C0486CEB800E47090 /* Sources */ = {
			isa = PBXSourcesBuildPhase;
			buildActionMask = 2147483647;
			files = (
				8D11072D0486CEB800E47090 /* main.m in Sources */,
				256AC3DA0F4B6AC300CF3369 /* Sin16AppDelegate.m in Sources */,
				55EFE9B9117941CB00E2F8B6 /* DDAudioComponent.m in Sources */,
				55EFE9BA117941CB00E2F8B6 /* DDAudioException.m in Sources */,
				55EFE9BB117941CB00E2F8B6 /* DDAudioUnit.m in Sources */,
				55EFE9BC117941CB00E2F8B6 /* DDAudioUnitGraph.m in Sources */,
				55EFE9BD117941CB00E2F8B6 /* DDAudioUnitNode.m in Sources */,
				55EFE9BE117941CB00E2F8B6 /* DDAudioUnitPreset.m in Sources */,
			);
			runOnlyForDeploymentPostprocessing = 0;
		};
/* End PBXSourcesBuildPhase section */

/* Begin PBXTargetDependency section */
		551512F0118E906E0030C8FF /* PBXTargetDependency */ = {
			isa = PBXTargetDependency;
			target = 55B894F8118717DA00FEB15C /* benchmark */;
			targetProxy = 551512EF118E906E0030C8FF /* PBXContainerItemProxy */;
		};
		551515C2119285ED0030C8FF /* PBXTargetDependency */ = {
			isa = PBXTargetDependency;
			target = 551515BD119285DB0030C8FF /* trigint */;
			targetProxy = 551515C1119285ED0030C8FF /* PBXContainerItemProxy */;
		};
		551515C4119285F80030C8FF /* PBXTargetDependency */ = {
			isa = PBXTargetDependency;
			target = 551515BD119285DB0030C8FF /* trigint */;
			targetProxy = 551515C3119285F80030C8FF /* PBXContainerItemProxy */;
		};
		551515C6119286090030C8FF /* PBXTargetDependency */ = {
			isa = PBXTargetDependency;
			target = 551515BD119285DB0030C8FF /* trigint */;
			targetProxy = 551515C5119286090030C8FF /* PBXContainerItemProxy */;
		};
		551515C8119286120030C8FF /* PBXTargetDependency */ = {
			isa = PBXTargetDependency;
			target = 551515BD119285DB0030C8FF /* trigint */;
			targetProxy = 551515C7119286120030C8FF /* PBXContainerItemProxy */;
		};
		551515E2119286840030C8FF /* PBXTargetDependency */ = {
			isa = PBXTargetDependency;
			target = 55151393118F04520030C8FF /* error */;
			targetProxy = 551515E1119286840030C8FF /* PBXContainerItemProxy */;
		};
		551515F1119286BC0030C8FF /* PBXTargetDependency */ = {
			isa = PBXTargetDependency;
			target = 551515BD119285DB0030C8FF /* trigint */;
			targetProxy = 551515F0119286BC0030C8FF /* PBXContainerItemProxy */;
		};
		551515F8119286EE0030C8FF /* PBXTargetDependency */ = {
			isa = PBXTargetDependency;
			target = 551515EB119286B80030C8FF /* table_gen */;
			targetProxy = 551515F7119286EE0030C8FF /* PBXContainerItemProxy */;
		};
		55508CE81178153800ADA67D /* PBXTargetDependency */ = {
			isa = PBXTargetDependency;
			target = 8D1107260486CEB800E47090 /* sin16 */;
			targetProxy = 55508CE71178153800ADA67D /* PBXContainerItemProxy */;
		};
		55508CEA1178153800ADA67D /* PBXTargetDependency */ = {
			isa = PBXTargetDependency;
			target = 55508A081177FED900ADA67D /* UnitTests */;
			targetProxy = 55508CE91178153800ADA67D /* PBXContainerItemProxy */;
		};
/* End PBXTargetDependency section */

/* Begin PBXVariantGroup section */
		089C165CFE840E0CC02AAC07 /* InfoPlist.strings */ = {
			isa = PBXVariantGroup;
			children = (
				089C165DFE840E0CC02AAC07 /* English */,
			);
			name = InfoPlist.strings;
			sourceTree = "<group>";
		};
		1DDD58140DA1D0A300B32029 /* MainMenu.xib */ = {
			isa = PBXVariantGroup;
			children = (
				1DDD58150DA1D0A300B32029 /* English */,
			);
			name = MainMenu.xib;
			sourceTree = "<group>";
		};
/* End PBXVariantGroup section */

/* Begin XCBuildConfiguration section */
		55151396118F04530030C8FF /* Debug */ = {
			isa = XCBuildConfiguration;
			buildSettings = {
				ALWAYS_SEARCH_USER_PATHS = NO;
				COPY_PHASE_STRIP = NO;
				GCC_DYNAMIC_NO_PIC = NO;
				GCC_ENABLE_FIX_AND_CONTINUE = YES;
				GCC_MODEL_TUNING = G5;
				GCC_OPTIMIZATION_LEVEL = 0;
				INSTALL_PATH = /usr/local/bin;
				PREBINDING = NO;
				PRODUCT_NAME = error;
			};
			name = Debug;
		};
		55151397118F04530030C8FF /* Release */ = {
			isa = XCBuildConfiguration;
			buildSettings = {
				ALWAYS_SEARCH_USER_PATHS = NO;
				COPY_PHASE_STRIP = YES;
				DEBUG_INFORMATION_FORMAT = "dwarf-with-dsym";
				GCC_ENABLE_FIX_AND_CONTINUE = NO;
				GCC_MODEL_TUNING = G5;
				INSTALL_PATH = /usr/local/bin;
				PREBINDING = NO;
				PRODUCT_NAME = error;
				ZERO_LINK = NO;
			};
			name = Release;
		};
		551515BF119285DB0030C8FF /* Debug */ = {
			isa = XCBuildConfiguration;
			buildSettings = {
				ALWAYS_SEARCH_USER_PATHS = NO;
				COPY_PHASE_STRIP = NO;
				GCC_DYNAMIC_NO_PIC = NO;
				GCC_ENABLE_FIX_AND_CONTINUE = YES;
				GCC_MODEL_TUNING = G5;
				GCC_OPTIMIZATION_LEVEL = 0;
				INSTALL_PATH = /usr/local/lib;
				PREBINDING = NO;
				PRODUCT_NAME = trigint;
			};
			name = Debug;
		};
		551515C0119285DB0030C8FF /* Release */ = {
			isa = XCBuildConfiguration;
			buildSettings = {
				ALWAYS_SEARCH_USER_PATHS = NO;
				COPY_PHASE_STRIP = YES;
				DEBUG_INFORMATION_FORMAT = "dwarf-with-dsym";
				GCC_ENABLE_FIX_AND_CONTINUE = NO;
				GCC_MODEL_TUNING = G5;
				INSTALL_PATH = /usr/local/lib;
				PREBINDING = NO;
				PRODUCT_NAME = trigint;
				ZERO_LINK = NO;
			};
			name = Release;
		};
		551515EE119286B80030C8FF /* Debug */ = {
			isa = XCBuildConfiguration;
			buildSettings = {
				ALWAYS_SEARCH_USER_PATHS = NO;
				COPY_PHASE_STRIP = NO;
				GCC_DYNAMIC_NO_PIC = NO;
				GCC_ENABLE_FIX_AND_CONTINUE = YES;
				GCC_MODEL_TUNING = G5;
				GCC_OPTIMIZATION_LEVEL = 0;
				INSTALL_PATH = /usr/local/bin;
				PREBINDING = NO;
				PRODUCT_NAME = table_gen;
			};
			name = Debug;
		};
		551515EF119286B80030C8FF /* Release */ = {
			isa = XCBuildConfiguration;
			buildSettings = {
				ALWAYS_SEARCH_USER_PATHS = NO;
				COPY_PHASE_STRIP = YES;
				DEBUG_INFORMATION_FORMAT = "dwarf-with-dsym";
				GCC_ENABLE_FIX_AND_CONTINUE = NO;
				GCC_MODEL_TUNING = G5;
				INSTALL_PATH = /usr/local/bin;
				PREBINDING = NO;
				PRODUCT_NAME = table_gen;
				ZERO_LINK = NO;
			};
			name = Release;
		};
		55508A0C1177FEDA00ADA67D /* Debug */ = {
			isa = XCBuildConfiguration;
			buildSettings = {
				ALWAYS_SEARCH_USER_PATHS = NO;
				COPY_PHASE_STRIP = NO;
				FRAMEWORK_SEARCH_PATHS = "$(DEVELOPER_LIBRARY_DIR)/Frameworks";
				GCC_DYNAMIC_NO_PIC = NO;
				GCC_ENABLE_FIX_AND_CONTINUE = NO;
				GCC_ENABLE_OBJC_EXCEPTIONS = YES;
				GCC_MODEL_TUNING = G5;
				GCC_OPTIMIZATION_LEVEL = 0;
				GCC_PRECOMPILE_PREFIX_HEADER = YES;
				GCC_PREPROCESSOR_DEFINITIONS = "DD_SIN16_STATIC_TABLE=1";
				INFOPLIST_FILE = Tests/Info.plist;
				INSTALL_PATH = "$(USER_LIBRARY_DIR)/Bundles";
				OTHER_LDFLAGS = (
					"-framework",
					Cocoa,
					"-framework",
					SenTestingKit,
				);
				PREBINDING = NO;
				PRODUCT_NAME = UnitTests;
				WRAPPER_EXTENSION = octest;
			};
			name = Debug;
		};
		55508A0D1177FEDA00ADA67D /* Release */ = {
			isa = XCBuildConfiguration;
			buildSettings = {
				ALWAYS_SEARCH_USER_PATHS = NO;
				COPY_PHASE_STRIP = YES;
				DEBUG_INFORMATION_FORMAT = "dwarf-with-dsym";
				FRAMEWORK_SEARCH_PATHS = "$(DEVELOPER_LIBRARY_DIR)/Frameworks";
				GCC_ENABLE_FIX_AND_CONTINUE = NO;
				GCC_ENABLE_OBJC_EXCEPTIONS = YES;
				GCC_MODEL_TUNING = G5;
				GCC_PRECOMPILE_PREFIX_HEADER = YES;
				GCC_PREPROCESSOR_DEFINITIONS = "DD_SIN16_STATIC_TABLE=1";
				INFOPLIST_FILE = Tests/Info.plist;
				INSTALL_PATH = "$(USER_LIBRARY_DIR)/Bundles";
				OTHER_LDFLAGS = (
					"-framework",
					Cocoa,
					"-framework",
					SenTestingKit,
				);
				PREBINDING = NO;
				PRODUCT_NAME = UnitTests;
				WRAPPER_EXTENSION = octest;
				ZERO_LINK = NO;
			};
			name = Release;
		};
		55508CE51178153100ADA67D /* Debug */ = {
			isa = XCBuildConfiguration;
			buildSettings = {
				COPY_PHASE_STRIP = NO;
				GCC_DYNAMIC_NO_PIC = NO;
				GCC_OPTIMIZATION_LEVEL = 0;
				PRODUCT_NAME = All;
			};
			name = Debug;
		};
		55508CE61178153100ADA67D /* Release */ = {
			isa = XCBuildConfiguration;
			buildSettings = {
				COPY_PHASE_STRIP = YES;
				DEBUG_INFORMATION_FORMAT = "dwarf-with-dsym";
				GCC_ENABLE_FIX_AND_CONTINUE = NO;
				PRODUCT_NAME = All;
				ZERO_LINK = NO;
			};
			name = Release;
		};
		55B894FB118717DA00FEB15C /* Debug */ = {
			isa = XCBuildConfiguration;
			buildSettings = {
				ALWAYS_SEARCH_USER_PATHS = NO;
				COPY_PHASE_STRIP = NO;
				GCC_DYNAMIC_NO_PIC = NO;
				GCC_ENABLE_FIX_AND_CONTINUE = YES;
				GCC_MODEL_TUNING = G5;
				GCC_OPTIMIZATION_LEVEL = 0;
				GCC_PRECOMPILE_PREFIX_HEADER = YES;
				INSTALL_PATH = /usr/local/bin;
				OTHER_LDFLAGS = (
					"-framework",
					Foundation,
					"-framework",
					AppKit,
				);
				PREBINDING = NO;
				PRODUCT_NAME = benchmark;
			};
			name = Debug;
		};
		55B894FC118717DA00FEB15C /* Release */ = {
			isa = XCBuildConfiguration;
			buildSettings = {
				ALWAYS_SEARCH_USER_PATHS = NO;
				COPY_PHASE_STRIP = YES;
				DEBUG_INFORMATION_FORMAT = "dwarf-with-dsym";
				GCC_ENABLE_FIX_AND_CONTINUE = NO;
				GCC_MODEL_TUNING = G5;
				GCC_PRECOMPILE_PREFIX_HEADER = YES;
				INSTALL_PATH = /usr/local/bin;
				OTHER_LDFLAGS = (
					"-framework",
					Foundation,
					"-framework",
					AppKit,
				);
				PREBINDING = NO;
				PRODUCT_NAME = benchmark;
				ZERO_LINK = NO;
			};
			name = Release;
		};
		C01FCF4B08A954540054247B /* Debug */ = {
			isa = XCBuildConfiguration;
			buildSettings = {
				ALWAYS_SEARCH_USER_PATHS = NO;
				COPY_PHASE_STRIP = NO;
				GCC_DYNAMIC_NO_PIC = NO;
				GCC_ENABLE_FIX_AND_CONTINUE = YES;
				GCC_MODEL_TUNING = G5;
				GCC_OPTIMIZATION_LEVEL = 0;
				GCC_PRECOMPILE_PREFIX_HEADER = YES;
				GCC_PREPROCESSOR_DEFINITIONS = "DD_SIN16_STATIC_TABLE=1";
				INFOPLIST_FILE = Demo/Info.plist;
				INSTALL_PATH = "$(HOME)/Applications";
				LIBRARY_SEARCH_PATHS = (
					"$(inherited)",
					"\"$(SRCROOT)/build/Debug\"",
				);
				PRODUCT_NAME = Sin16;
			};
			name = Debug;
		};
		C01FCF4C08A954540054247B /* Release */ = {
			isa = XCBuildConfiguration;
			buildSettings = {
				ALWAYS_SEARCH_USER_PATHS = NO;
				DEBUG_INFORMATION_FORMAT = "dwarf-with-dsym";
				GCC_MODEL_TUNING = G5;
				GCC_PRECOMPILE_PREFIX_HEADER = YES;
				GCC_PREPROCESSOR_DEFINITIONS = "DD_SIN16_STATIC_TABLE=1";
				INFOPLIST_FILE = Demo/Info.plist;
				INSTALL_PATH = "$(HOME)/Applications";
				LIBRARY_SEARCH_PATHS = (
					"$(inherited)",
					"\"$(SRCROOT)/build/Debug\"",
				);
				PRODUCT_NAME = Sin16;
			};
			name = Release;
		};
		C01FCF4F08A954540054247B /* Debug */ = {
			isa = XCBuildConfiguration;
			buildSettings = {
				ARCHS = "$(ARCHS_STANDARD_32_64_BIT)";
				GCC_C_LANGUAGE_STANDARD = gnu99;
				GCC_OPTIMIZATION_LEVEL = 0;
				GCC_PREFIX_HEADER = Sin16_Prefix.pch;
				GCC_TREAT_WARNINGS_AS_ERRORS = YES;
				GCC_WARN_ABOUT_RETURN_TYPE = YES;
				GCC_WARN_UNUSED_VARIABLE = YES;
				ONLY_ACTIVE_ARCH = YES;
				PREBINDING = NO;
				SDKROOT = macosx10.6;
			};
			name = Debug;
		};
		C01FCF5008A954540054247B /* Release */ = {
			isa = XCBuildConfiguration;
			buildSettings = {
				ARCHS = "$(ARCHS_STANDARD_32_64_BIT)";
				GCC_C_LANGUAGE_STANDARD = gnu99;
				GCC_PREFIX_HEADER = Sin16_Prefix.pch;
				GCC_TREAT_WARNINGS_AS_ERRORS = YES;
				GCC_WARN_ABOUT_RETURN_TYPE = YES;
				GCC_WARN_UNUSED_VARIABLE = YES;
				PREBINDING = NO;
				SDKROOT = macosx10.6;
			};
			name = Release;
		};
/* End XCBuildConfiguration section */

/* Begin XCConfigurationList section */
		5515139B118F04660030C8FF /* Build configuration list for PBXNativeTarget "error" */ = {
			isa = XCConfigurationList;
			buildConfigurations = (
				55151396118F04530030C8FF /* Debug */,
				55151397118F04530030C8FF /* Release */,
			);
			defaultConfigurationIsVisible = 0;
			defaultConfigurationName = Release;
		};
		551515DA119286750030C8FF /* Build configuration list for PBXNativeTarget "trigint" */ = {
			isa = XCConfigurationList;
			buildConfigurations = (
				551515BF119285DB0030C8FF /* Debug */,
				551515C0119285DB0030C8FF /* Release */,
			);
			defaultConfigurationIsVisible = 0;
			defaultConfigurationName = Release;
		};
		551515F4119286D20030C8FF /* Build configuration list for PBXNativeTarget "table_gen" */ = {
			isa = XCConfigurationList;
			buildConfigurations = (
				551515EE119286B80030C8FF /* Debug */,
				551515EF119286B80030C8FF /* Release */,
			);
			defaultConfigurationIsVisible = 0;
			defaultConfigurationName = Release;
		};
		55508A0E1177FEDA00ADA67D /* Build configuration list for PBXNativeTarget "UnitTests" */ = {
			isa = XCConfigurationList;
			buildConfigurations = (
				55508A0C1177FEDA00ADA67D /* Debug */,
				55508A0D1177FEDA00ADA67D /* Release */,
			);
			defaultConfigurationIsVisible = 0;
			defaultConfigurationName = Release;
		};
		55508CF11178156C00ADA67D /* Build configuration list for PBXAggregateTarget "All" */ = {
			isa = XCConfigurationList;
			buildConfigurations = (
				55508CE51178153100ADA67D /* Debug */,
				55508CE61178153100ADA67D /* Release */,
			);
			defaultConfigurationIsVisible = 0;
			defaultConfigurationName = Release;
		};
		55B895011187180400FEB15C /* Build configuration list for PBXNativeTarget "benchmark" */ = {
			isa = XCConfigurationList;
			buildConfigurations = (
				55B894FB118717DA00FEB15C /* Debug */,
				55B894FC118717DA00FEB15C /* Release */,
			);
			defaultConfigurationIsVisible = 0;
			defaultConfigurationName = Release;
		};
		C01FCF4A08A954540054247B /* Build configuration list for PBXNativeTarget "sin16" */ = {
			isa = XCConfigurationList;
			buildConfigurations = (
				C01FCF4B08A954540054247B /* Debug */,
				C01FCF4C08A954540054247B /* Release */,
			);
			defaultConfigurationIsVisible = 0;
			defaultConfigurationName = Release;
		};
		C01FCF4E08A954540054247B /* Build configuration list for PBXProject "sin16" */ = {
			isa = XCConfigurationList;
			buildConfigurations = (
				C01FCF4F08A954540054247B /* Debug */,
				C01FCF5008A954540054247B /* Release */,
			);
			defaultConfigurationIsVisible = 0;
			defaultConfigurationName = Release;
		};
/* End XCConfigurationList section */
	};
	rootObject = 29B97313FDCFA39411CA2CEA /* Project object */;
}
